
Microsoft Visual Studio Solution File, Format Version 12.00
# Visual Studio 15
VisualStudioVersion = 15.0.27428.2002
MinimumVisualStudioVersion = 10.0.40219.1
Project("{FAE04EC0-301F-11D3-BF4B-00C04F79EFBC}") = "DataStructures", "DataStructures\DataStructures.csproj", "{2D87B5A4-60F7-4FBF-A7FF-923ADD45FC08}"
EndProject
Project("{FAE04EC0-301F-11D3-BF4B-00C04F79EFBC}") = "DataStructures.UnitTests", "DataStructures.UnitTests\DataStructures.UnitTests.csproj", "{EDD6019F-540D-4133-A728-8B7B17D67FF2}"
EndProject
Project("{FAE04EC0-301F-11D3-BF4B-00C04F79EFBC}") = "DataStructures.Core", "DataStructures.Core\DataStructures.Core.csproj", "{07AC9E47-B0A9-4EB6-BF53-DCD6353E4338}"
EndProject
Global
	GlobalSection(SolutionConfigurationPlatforms) = preSolution
		Debug|Any CPU = Debug|Any CPU
		Release|Any CPU = Release|Any CPU
	EndGlobalSection
	GlobalSection(ProjectConfigurationPlatforms) = postSolution
		{2D87B5A4-60F7-4FBF-A7FF-923ADD45FC08}.Debug|Any CPU.ActiveCfg = Debug|Any CPU
		{2D87B5A4-60F7-4FBF-A7FF-923ADD45FC08}.Debug|Any CPU.Build.0 = Debug|Any CPU
		{2D87B5A4-60F7-4FBF-A7FF-923ADD45FC08}.Release|Any CPU.ActiveCfg = Release|Any CPU
		{2D87B5A4-60F7-4FBF-A7FF-923ADD45FC08}.Release|Any CPU.Build.0 = Release|Any CPU
		{EDD6019F-540D-4133-A728-8B7B17D67FF2}.Debug|Any CPU.ActiveCfg = Debug|Any CPU
		{EDD6019F-540D-4133-A728-8B7B17D67FF2}.Debug|Any CPU.Build.0 = Debug|Any CPU
		{EDD6019F-540D-4133-A728-8B7B17D67FF2}.Release|Any CPU.ActiveCfg = Release|Any CPU
		{EDD6019F-540D-4133-A728-8B7B17D67FF2}.Release|Any CPU.Build.0 = Release|Any CPU
		{07AC9E47-B0A9-4EB6-BF53-DCD6353E4338}.Debug|Any CPU.ActiveCfg = Debug|Any CPU
		{07AC9E47-B0A9-4EB6-BF53-DCD6353E4338}.Debug|Any CPU.Build.0 = Debug|Any CPU
		{07AC9E47-B0A9-4EB6-BF53-DCD6353E4338}.Release|Any CPU.ActiveCfg = Release|Any CPU
		{07AC9E47-B0A9-4EB6-BF53-DCD6353E4338}.Release|Any CPU.Build.0 = Release|Any CPU
	EndGlobalSection
	GlobalSection(SolutionProperties) = preSolution
		HideSolutionNode = FALSE
	EndGlobalSection
	GlobalSection(ExtensibilityGlobals) = postSolution
		SolutionGuid = {E6B5F24F-8B3E-4D53-8319-819A25B4744C}
	EndGlobalSection
EndGlobal
